
Microsoft Visual Studio Solution File, Format Version 12.00
# Visual Studio Version 16
VisualStudioVersion = 16.0.31515.178
MinimumVisualStudioVersion = 10.0.40219.1
Project("{9A19103F-16F7-4668-BE54-9A1E7A4F7556}") = "WpfClient", "WpfClient\WpfClient.csproj", "{3192645D-A578-4C5D-8258-8E0318319FC4}"
EndProject
Project("{2150E333-8FDC-42A3-9474-1A3956D46DE8}") = "Data", "Data", "{E374A42F-1D48-4C0F-9B26-6F28D68F111D}"
EndProject
Project("{9A19103F-16F7-4668-BE54-9A1E7A4F7556}") = "DataAccess", "DataAccess\DataAccess.csproj", "{0B072567-6463-4AE3-9880-0FA55BD8963D}"
EndProject
Project("{2150E333-8FDC-42A3-9474-1A3956D46DE8}") = "DataTransfer", "DataTransfer", "{C1073079-103F-4117-94D9-29D0DCF82098}"
EndProject
Project("{9A19103F-16F7-4668-BE54-9A1E7A4F7556}") = "DataTransfer", "DataTransfer\DataTransfer.csproj", "{35D73628-41CD-4CF6-A9F8-52EB0C33652D}"
EndProject
Project("{9A19103F-16F7-4668-BE54-9A1E7A4F7556}") = "Repositories", "Repositories\Repositories.csproj", "{DC9EA017-BE25-42BB-A522-E6556DEFDDB0}"
EndProject
Project("{9A19103F-16F7-4668-BE54-9A1E7A4F7556}") = "AutoMapperConfiguration", "AutoMapperConfiguration\AutoMapperConfiguration.csproj", "{6E0EC2A9-9716-41D4-84D8-D72B463E0F81}"
EndProject
Project("{2150E333-8FDC-42A3-9474-1A3956D46DE8}") = "View", "View", "{47BD4EDC-50B6-48E3-81C3-DB49D438BC23}"
EndProject
Project("{2150E333-8FDC-42A3-9474-1A3956D46DE8}") = "ViewModel", "ViewModel", "{8FA31941-988B-48B4-8F54-A637D5E55C54}"
EndProject
Project("{9A19103F-16F7-4668-BE54-9A1E7A4F7556}") = "ViewModels", "ViewModels\ViewModels.csproj", "{489D68C4-D2F9-4974-9D38-6E3EC41B433B}"
EndProject
Project("{2150E333-8FDC-42A3-9474-1A3956D46DE8}") = "Config", "Config", "{971840F1-BE58-46E4-BF44-471828239B94}"
EndProject
Project("{FAE04EC0-301F-11D3-BF4B-00C04F79EFBC}") = "ServiceConfiguration", "ServiceConfiguration\ServiceConfiguration.csproj", "{9985BA07-B2D3-4204-BFE0-9F1075A44592}"
EndProject
Project("{FAE04EC0-301F-11D3-BF4B-00C04F79EFBC}") = "Views", "Views\Views.csproj", "{7CD3712B-EA86-4626-A1F5-9050C7C43329}"
EndProject
Global
	GlobalSection(SolutionConfigurationPlatforms) = preSolution
		Debug|Any CPU = Debug|Any CPU
		Release|Any CPU = Release|Any CPU
	EndGlobalSection
	GlobalSection(ProjectConfigurationPlatforms) = postSolution
		{3192645D-A578-4C5D-8258-8E0318319FC4}.Debug|Any CPU.ActiveCfg = Debug|Any CPU
		{3192645D-A578-4C5D-8258-8E0318319FC4}.Debug|Any CPU.Build.0 = Debug|Any CPU
		{3192645D-A578-4C5D-8258-8E0318319FC4}.Release|Any CPU.ActiveCfg = Release|Any CPU
		{3192645D-A578-4C5D-8258-8E0318319FC4}.Release|Any CPU.Build.0 = Release|Any CPU
		{0B072567-6463-4AE3-9880-0FA55BD8963D}.Debug|Any CPU.ActiveCfg = Debug|Any CPU
		{0B072567-6463-4AE3-9880-0FA55BD8963D}.Debug|Any CPU.Build.0 = Debug|Any CPU
		{0B072567-6463-4AE3-9880-0FA55BD8963D}.Release|Any CPU.ActiveCfg = Release|Any CPU
		{0B072567-6463-4AE3-9880-0FA55BD8963D}.Release|Any CPU.Build.0 = Release|Any CPU
		{35D73628-41CD-4CF6-A9F8-52EB0C33652D}.Debug|Any CPU.ActiveCfg = Debug|Any CPU
		{35D73628-41CD-4CF6-A9F8-52EB0C33652D}.Debug|Any CPU.Build.0 = Debug|Any CPU
		{35D73628-41CD-4CF6-A9F8-52EB0C33652D}.Release|Any CPU.ActiveCfg = Release|Any CPU
		{35D73628-41CD-4CF6-A9F8-52EB0C33652D}.Release|Any CPU.Build.0 = Release|Any CPU
		{DC9EA017-BE25-42BB-A522-E6556DEFDDB0}.Debug|Any CPU.ActiveCfg = Debug|Any CPU
		{DC9EA017-BE25-42BB-A522-E6556DEFDDB0}.Debug|Any CPU.Build.0 = Debug|Any CPU
		{DC9EA017-BE25-42BB-A522-E6556DEFDDB0}.Release|Any CPU.ActiveCfg = Release|Any CPU
		{DC9EA017-BE25-42BB-A522-E6556DEFDDB0}.Release|Any CPU.Build.0 = Release|Any CPU
		{6E0EC2A9-9716-41D4-84D8-D72B463E0F81}.Debug|Any CPU.ActiveCfg = Debug|Any CPU
		{6E0EC2A9-9716-41D4-84D8-D72B463E0F81}.Debug|Any CPU.Build.0 = Debug|Any CPU
		{6E0EC2A9-9716-41D4-84D8-D72B463E0F81}.Release|Any CPU.ActiveCfg = Release|Any CPU
		{6E0EC2A9-9716-41D4-84D8-D72B463E0F81}.Release|Any CPU.Build.0 = Release|Any CPU
		{489D68C4-D2F9-4974-9D38-6E3EC41B433B}.Debug|Any CPU.ActiveCfg = Debug|Any CPU
		{489D68C4-D2F9-4974-9D38-6E3EC41B433B}.Debug|Any CPU.Build.0 = Debug|Any CPU
		{489D68C4-D2F9-4974-9D38-6E3EC41B433B}.Release|Any CPU.ActiveCfg = Release|Any CPU
		{489D68C4-D2F9-4974-9D38-6E3EC41B433B}.Release|Any CPU.Build.0 = Release|Any CPU
		{9985BA07-B2D3-4204-BFE0-9F1075A44592}.Debug|Any CPU.ActiveCfg = Debug|Any CPU
		{9985BA07-B2D3-4204-BFE0-9F1075A44592}.Debug|Any CPU.Build.0 = Debug|Any CPU
		{9985BA07-B2D3-4204-BFE0-9F1075A44592}.Release|Any CPU.ActiveCfg = Release|Any CPU
		{9985BA07-B2D3-4204-BFE0-9F1075A44592}.Release|Any CPU.Build.0 = Release|Any CPU
		{7CD3712B-EA86-4626-A1F5-9050C7C43329}.Debug|Any CPU.ActiveCfg = Debug|Any CPU
		{7CD3712B-EA86-4626-A1F5-9050C7C43329}.Debug|Any CPU.Build.0 = Debug|Any CPU
		{7CD3712B-EA86-4626-A1F5-9050C7C43329}.Release|Any CPU.ActiveCfg = Release|Any CPU
		{7CD3712B-EA86-4626-A1F5-9050C7C43329}.Release|Any CPU.Build.0 = Release|Any CPU
	EndGlobalSection
	GlobalSection(SolutionProperties) = preSolution
		HideSolutionNode = FALSE
	EndGlobalSection
	GlobalSection(NestedProjects) = preSolution
		{3192645D-A578-4C5D-8258-8E0318319FC4} = {47BD4EDC-50B6-48E3-81C3-DB49D438BC23}
		{0B072567-6463-4AE3-9880-0FA55BD8963D} = {E374A42F-1D48-4C0F-9B26-6F28D68F111D}
		{35D73628-41CD-4CF6-A9F8-52EB0C33652D} = {C1073079-103F-4117-94D9-29D0DCF82098}
		{DC9EA017-BE25-42BB-A522-E6556DEFDDB0} = {E374A42F-1D48-4C0F-9B26-6F28D68F111D}
		{6E0EC2A9-9716-41D4-84D8-D72B463E0F81} = {C1073079-103F-4117-94D9-29D0DCF82098}
		{489D68C4-D2F9-4974-9D38-6E3EC41B433B} = {8FA31941-988B-48B4-8F54-A637D5E55C54}
		{9985BA07-B2D3-4204-BFE0-9F1075A44592} = {971840F1-BE58-46E4-BF44-471828239B94}
		{7CD3712B-EA86-4626-A1F5-9050C7C43329} = {47BD4EDC-50B6-48E3-81C3-DB49D438BC23}
	EndGlobalSection
	GlobalSection(ExtensibilityGlobals) = postSolution
		SolutionGuid = {02151253-CB8F-44BA-8EBB-6F519CC6ECBD}
	EndGlobalSection
EndGlobal
