
Microsoft Visual Studio Solution File, Format Version 12.00
# Visual Studio Version 16
VisualStudioVersion = 16.0.31515.178
MinimumVisualStudioVersion = 10.0.40219.1
Project("{FAE04EC0-301F-11D3-BF4B-00C04F79EFBC}") = "WpfClient", "WpfClient\WpfClient.csproj", "{3192645D-A578-4C5D-8258-8E0318319FC4}"
EndProject
Project("{2150E333-8FDC-42A3-9474-1A3956D46DE8}") = "Server", "Server", "{E374A42F-1D48-4C0F-9B26-6F28D68F111D}"
EndProject
Global
	GlobalSection(SolutionConfigurationPlatforms) = preSolution
		Debug|Any CPU = Debug|Any CPU
		Release|Any CPU = Release|Any CPU
	EndGlobalSection
	GlobalSection(ProjectConfigurationPlatforms) = postSolution
		{3192645D-A578-4C5D-8258-8E0318319FC4}.Debug|Any CPU.ActiveCfg = Debug|Any CPU
		{3192645D-A578-4C5D-8258-8E0318319FC4}.Debug|Any CPU.Build.0 = Debug|Any CPU
		{3192645D-A578-4C5D-8258-8E0318319FC4}.Release|Any CPU.ActiveCfg = Release|Any CPU
		{3192645D-A578-4C5D-8258-8E0318319FC4}.Release|Any CPU.Build.0 = Release|Any CPU
	EndGlobalSection
	GlobalSection(SolutionProperties) = preSolution
		HideSolutionNode = FALSE
	EndGlobalSection
	GlobalSection(ExtensibilityGlobals) = postSolution
		SolutionGuid = {02151253-CB8F-44BA-8EBB-6F519CC6ECBD}
	EndGlobalSection
EndGlobal
